github.com/ajstarks/svgo v0.0.0-20210406150507-75cfd577ce75 h1:tuK1xIp+jrEEF0l3xXab78w89ilYr0Am170KdSml2xc=
github.com/ajstarks/svgo v0.0.0-20210406150507-75cfd577ce75/go.mod h1:K08gAheRH3/J6wwsYMMT4xOr94bZjxIelGM0+d/wbFw=
github.com/dhconnelly/rtreego v1.1.0 h1:ejMaqN03N1s6Bdg6peGkNgBnYYSBHzcK8yhSPCB+rHE=
github.com/dhconnelly/rtreego v1.1.0/go.mod h1:SDozu0Fjy17XH1svEXJgdYq8Tah6Zjfa/4Q33Z80+KM=
github.com/golang/protobuf v1.5.0/go.mod h1:FsONVRAS9T7sI+LIUmWTfcYkHO4aIWwzhcaSAoJOfIk=
github.com/google/go-cmp v0.5.5 h1:Khx7svrCpmxxtHBq5j2mp/xVjsi8hQMfNLvJFAlrGgU=
github.com/google/go-cmp v0.5.5/go.mod h1:v8dTdLbMG2kIc/vJvl+f65V22dbkXbowE6jgT/gNBxE=
github.com/mitroadmaps/gomapinfer v0.0.0-20210917033103-4e3dcc98a112 h1:/msesy1s0b8A/xU7MSCzcDvDcrVaqvE/7Bckq1y9kAM=
github.com/mitroadmaps/gomapinfer v0.0.0-20210917033103-4e3dcc98a112/go.mod h1:60dnxKwUjhRjPfhvtjJQccZOo741GN+5WymEEc+Aa0c=
github.com/qedus/osmpbf v1.2.0 h1:yRm5ECkiUsN9sA+UN9yNnm64AVW2OYhOCb+gBa1FYCU=
github.com/qedus/osmpbf v1.2.0/go.mod h1:Cfv6JyqTZ72BjoW9FyFBQOC2DYJbL78yw+DLhBvSH+M=
golang.org/x/xerrors v0.0.0-20191204190536-9bdfabe68543 h1:E7g+9GITq07hpfrRu66IVDexMakfv52eLZ2CXBWiKr4=
golang.org/x/xerrors v0.0.0-20191204190536-9bdfabe68543/go.mod h1:I/5z698sn9Ka8TeJc9MKroUUfqBBauWjQqLJ2OPfmY0=
google.golang.org/protobuf v1.26.0-rc.1/go.mod h1:jlhhOSvTdKEhbULTjvd4ARK9grFBp09yW+WbY/TyQbw=
google.golang.org/protobuf v1.26.0/go.mod h1:9q0QmTI4eRPtz6boOQmLYwt+qCgq0jsYwAQnmE0givc=
google.golang.org/protobuf v1.27.1 h1:SnqbnDw1V7RiZcXPx5MEeqPv2s79L9i7BJUlG/+RurQ=
google.golang.org/protobuf v1.27.1/go.mod h1:9q0QmTI4eRPtz6boOQmLYwt+qCgq0jsYwAQnmE0givc=
